
Microsoft Visual Studio Solution File, Format Version 12.00
# Visual Studio 15
VisualStudioVersion = 15.0.27428.2005
MinimumVisualStudioVersion = 10.0.40219.1
Project("{9A19103F-16F7-4668-BE54-9A1E7A4F7556}") = "Pickaxe.Blockchain.Common", "Pickaxe.Blockchain.Common\Pickaxe.Blockchain.Common.csproj", "{C3799F0A-06FC-451A-B833-ECBB0B220349}"
EndProject
Project("{9A19103F-16F7-4668-BE54-9A1E7A4F7556}") = "Pickaxe.Blockchain.Api", "Pickaxe.Blockchain.Api\Pickaxe.Blockchain.Api.csproj", "{CDD9BB01-8B1B-4F02-8354-2D70511C6FA2}"
EndProject
Project("{9A19103F-16F7-4668-BE54-9A1E7A4F7556}") = "Pickaxe.Blockchain.Domain", "Pickaxe.Blockchain.Domain\Pickaxe.Blockchain.Domain.csproj", "{759BFC92-5E86-48C7-A8F2-E81B67C75D4E}"
EndProject
Project("{9A19103F-16F7-4668-BE54-9A1E7A4F7556}") = "Pickaxe.Blockchain.Miner", "Pickaxe.Blockchain.Miner\Pickaxe.Blockchain.Miner.csproj", "{654F8BD0-8EF0-4D3B-A879-2DEB8B9AAF9A}"
EndProject
Project("{9A19103F-16F7-4668-BE54-9A1E7A4F7556}") = "Pickaxe.Blockchain.Contracts", "Pickaxe.Blockchain.Contracts\Pickaxe.Blockchain.Contracts.csproj", "{E8A9CDE5-B73D-45BE-B7C0-1B6A2BC0BDE0}"
EndProject
Project("{9A19103F-16F7-4668-BE54-9A1E7A4F7556}") = "Pickaxe.Blockchain.Clients", "Pickaxe.Blockchain.Clients\Pickaxe.Blockchain.Clients.csproj", "{6810411B-6EB9-4A39-841F-6667F2B432B2}"
EndProject
Project("{FAE04EC0-301F-11D3-BF4B-00C04F79EFBC}") = "Pickaxe.Blockchain.TransactionSigner", "Pickaxe.Blockchain.TransactionSigner\Pickaxe.Blockchain.TransactionSigner.csproj", "{4EE107C7-6CD6-464E-8C84-7B6C32B4CBE2}"
EndProject
Global
	GlobalSection(SolutionConfigurationPlatforms) = preSolution
		Debug|Any CPU = Debug|Any CPU
		Release|Any CPU = Release|Any CPU
	EndGlobalSection
	GlobalSection(ProjectConfigurationPlatforms) = postSolution
		{C3799F0A-06FC-451A-B833-ECBB0B220349}.Debug|Any CPU.ActiveCfg = Debug|Any CPU
		{C3799F0A-06FC-451A-B833-ECBB0B220349}.Debug|Any CPU.Build.0 = Debug|Any CPU
		{C3799F0A-06FC-451A-B833-ECBB0B220349}.Release|Any CPU.ActiveCfg = Release|Any CPU
		{C3799F0A-06FC-451A-B833-ECBB0B220349}.Release|Any CPU.Build.0 = Release|Any CPU
		{CDD9BB01-8B1B-4F02-8354-2D70511C6FA2}.Debug|Any CPU.ActiveCfg = Debug|Any CPU
		{CDD9BB01-8B1B-4F02-8354-2D70511C6FA2}.Debug|Any CPU.Build.0 = Debug|Any CPU
		{CDD9BB01-8B1B-4F02-8354-2D70511C6FA2}.Release|Any CPU.ActiveCfg = Release|Any CPU
		{CDD9BB01-8B1B-4F02-8354-2D70511C6FA2}.Release|Any CPU.Build.0 = Release|Any CPU
		{759BFC92-5E86-48C7-A8F2-E81B67C75D4E}.Debug|Any CPU.ActiveCfg = Debug|Any CPU
		{759BFC92-5E86-48C7-A8F2-E81B67C75D4E}.Debug|Any CPU.Build.0 = Debug|Any CPU
		{759BFC92-5E86-48C7-A8F2-E81B67C75D4E}.Release|Any CPU.ActiveCfg = Release|Any CPU
		{759BFC92-5E86-48C7-A8F2-E81B67C75D4E}.Release|Any CPU.Build.0 = Release|Any CPU
		{654F8BD0-8EF0-4D3B-A879-2DEB8B9AAF9A}.Debug|Any CPU.ActiveCfg = Debug|Any CPU
		{654F8BD0-8EF0-4D3B-A879-2DEB8B9AAF9A}.Debug|Any CPU.Build.0 = Debug|Any CPU
		{654F8BD0-8EF0-4D3B-A879-2DEB8B9AAF9A}.Release|Any CPU.ActiveCfg = Release|Any CPU
		{654F8BD0-8EF0-4D3B-A879-2DEB8B9AAF9A}.Release|Any CPU.Build.0 = Release|Any CPU
		{E8A9CDE5-B73D-45BE-B7C0-1B6A2BC0BDE0}.Debug|Any CPU.ActiveCfg = Debug|Any CPU
		{E8A9CDE5-B73D-45BE-B7C0-1B6A2BC0BDE0}.Debug|Any CPU.Build.0 = Debug|Any CPU
		{E8A9CDE5-B73D-45BE-B7C0-1B6A2BC0BDE0}.Release|Any CPU.ActiveCfg = Release|Any CPU
		{E8A9CDE5-B73D-45BE-B7C0-1B6A2BC0BDE0}.Release|Any CPU.Build.0 = Release|Any CPU
		{6810411B-6EB9-4A39-841F-6667F2B432B2}.Debug|Any CPU.ActiveCfg = Debug|Any CPU
		{6810411B-6EB9-4A39-841F-6667F2B432B2}.Debug|Any CPU.Build.0 = Debug|Any CPU
		{6810411B-6EB9-4A39-841F-6667F2B432B2}.Release|Any CPU.ActiveCfg = Release|Any CPU
		{6810411B-6EB9-4A39-841F-6667F2B432B2}.Release|Any CPU.Build.0 = Release|Any CPU
		{4EE107C7-6CD6-464E-8C84-7B6C32B4CBE2}.Debug|Any CPU.ActiveCfg = Debug|Any CPU
		{4EE107C7-6CD6-464E-8C84-7B6C32B4CBE2}.Debug|Any CPU.Build.0 = Debug|Any CPU
		{4EE107C7-6CD6-464E-8C84-7B6C32B4CBE2}.Release|Any CPU.ActiveCfg = Release|Any CPU
		{4EE107C7-6CD6-464E-8C84-7B6C32B4CBE2}.Release|Any CPU.Build.0 = Release|Any CPU
	EndGlobalSection
	GlobalSection(SolutionProperties) = preSolution
		HideSolutionNode = FALSE
	EndGlobalSection
	GlobalSection(ExtensibilityGlobals) = postSolution
		SolutionGuid = {960C2CF1-CDC7-4803-95C6-0314DBAC0842}
	EndGlobalSection
EndGlobal
